// !$*UTF8*$!
{
	archiveVersion = 1;
	classes = {
	};
	objectVersion = 56;
	objects = {

/* Begin PBXBuildFile section */
		CE01F94D2C1F5B2C000B0335 /* AppDelegate.swift in Sources */ = {isa = PBXBuildFile; fileRef = CE01F94C2C1F5B2C000B0335 /* AppDelegate.swift */; };
		CE01F94F2C1F5B2C000B0335 /* SceneDelegate.swift in Sources */ = {isa = PBXBuildFile; fileRef = CE01F94E2C1F5B2C000B0335 /* SceneDelegate.swift */; };
		CE01F9512C1F5B2C000B0335 /* ReminderListViewController.swift in Sources */ = {isa = PBXBuildFile; fileRef = CE01F9502C1F5B2C000B0335 /* ReminderListViewController.swift */; };
		CE01F9562C1F5B2D000B0335 /* Assets.xcassets in Resources */ = {isa = PBXBuildFile; fileRef = CE01F9552C1F5B2D000B0335 /* Assets.xcassets */; };
		CE01F9592C1F5B2D000B0335 /* Base in Resources */ = {isa = PBXBuildFile; fileRef = CE01F9582C1F5B2D000B0335 /* Base */; };
		CE01F9642C1F5D86000B0335 /* Reminder.swift in Sources */ = {isa = PBXBuildFile; fileRef = CE01F9632C1F5D86000B0335 /* Reminder.swift */; };
		CE01F9662C1F75A9000B0335 /* Date + Today.swift in Sources */ = {isa = PBXBuildFile; fileRef = CE01F9652C1F75A9000B0335 /* Date + Today.swift */; };
		CE01F9692C1F78BA000B0335 /* ReminderListViewController + DataSource.swift in Sources */ = {isa = PBXBuildFile; fileRef = CE01F9682C1F78BA000B0335 /* ReminderListViewController + DataSource.swift */; };
		CE01F96B2C201BE4000B0335 /* ReminderDoneButton.swift in Sources */ = {isa = PBXBuildFile; fileRef = CE01F96A2C201BE4000B0335 /* ReminderDoneButton.swift */; };
		CE01F96D2C201C97000B0335 /* ReminderListViewController+Actions.swift in Sources */ = {isa = PBXBuildFile; fileRef = CE01F96C2C201C97000B0335 /* ReminderListViewController+Actions.swift */; };
		CE01F96F2C208B59000B0335 /* ReminderViewController.swift in Sources */ = {isa = PBXBuildFile; fileRef = CE01F96E2C208B59000B0335 /* ReminderViewController.swift */; };
		CE01F9722C20AA9A000B0335 /* ReminderViewController+Row.swift in Sources */ = {isa = PBXBuildFile; fileRef = CE01F9712C20AA9A000B0335 /* ReminderViewController+Row.swift */; };
		CE49EEC22C25BB0C00DA70DD /* ReminderViewController + Section.swift in Sources */ = {isa = PBXBuildFile; fileRef = CE49EEC12C25BB0C00DA70DD /* ReminderViewController + Section.swift */; };
		CE49EEC42C25D06200DA70DD /* PriorityContentView.swift in Sources */ = {isa = PBXBuildFile; fileRef = CE49EEC32C25D06200DA70DD /* PriorityContentView.swift */; };
		CE49EEC62C25D24200DA70DD /* ReminderViewController + CellConfiguration.swift in Sources */ = {isa = PBXBuildFile; fileRef = CE49EEC52C25D24200DA70DD /* ReminderViewController + CellConfiguration.swift */; };
		CE49EEC92C25D4D500DA70DD /* UIView + PinnedSubView.swift in Sources */ = {isa = PBXBuildFile; fileRef = CE49EEC82C25D4D500DA70DD /* UIView + PinnedSubView.swift */; };
		CE49EECB2C25D8BD00DA70DD /* TextFieldContentView.swift in Sources */ = {isa = PBXBuildFile; fileRef = CE49EECA2C25D8BD00DA70DD /* TextFieldContentView.swift */; };
		CE49EECD2C25DB9C00DA70DD /* UIContentConfiguration+Stateless.swift in Sources */ = {isa = PBXBuildFile; fileRef = CE49EECC2C25DB9C00DA70DD /* UIContentConfiguration+Stateless.swift */; };
		CE49EECF2C27E1D000DA70DD /* TextViewContentView.swift in Sources */ = {isa = PBXBuildFile; fileRef = CE49EECE2C27E1D000DA70DD /* TextViewContentView.swift */; };
		CE49EED12C27E46100DA70DD /* DataPickerContentView.swift in Sources */ = {isa = PBXBuildFile; fileRef = CE49EED02C27E46100DA70DD /* DataPickerContentView.swift */; };
/* End PBXBuildFile section */

/* Begin PBXFileReference section */
		CE01F9492C1F5B2C000B0335 /* Today.app */ = {isa = PBXFileReference; explicitFileType = wrapper.application; includeInIndex = 0; path = Today.app; sourceTree = BUILT_PRODUCTS_DIR; };
		CE01F94C2C1F5B2C000B0335 /* AppDelegate.swift */ = {isa = PBXFileReference; lastKnownFileType = sourcecode.swift; path = AppDelegate.swift; sourceTree = "<group>"; };
		CE01F94E2C1F5B2C000B0335 /* SceneDelegate.swift */ = {isa = PBXFileReference; lastKnownFileType = sourcecode.swift; path = SceneDelegate.swift; sourceTree = "<group>"; };
		CE01F9502C1F5B2C000B0335 /* ReminderListViewController.swift */ = {isa = PBXFileReference; lastKnownFileType = sourcecode.swift; path = ReminderListViewController.swift; sourceTree = "<group>"; };
		CE01F9552C1F5B2D000B0335 /* Assets.xcassets */ = {isa = PBXFileReference; lastKnownFileType = folder.assetcatalog; path = Assets.xcassets; sourceTree = "<group>"; };
		CE01F9582C1F5B2D000B0335 /* Base */ = {isa = PBXFileReference; lastKnownFileType = file.storyboard; name = Base; path = Base.lproj/LaunchScreen.storyboard; sourceTree = "<group>"; };
		CE01F95A2C1F5B2D000B0335 /* Info.plist */ = {isa = PBXFileReference; lastKnownFileType = text.plist.xml; path = Info.plist; sourceTree = "<group>"; };
		CE01F9632C1F5D86000B0335 /* Reminder.swift */ = {isa = PBXFileReference; lastKnownFileType = sourcecode.swift; path = Reminder.swift; sourceTree = "<group>"; };
		CE01F9652C1F75A9000B0335 /* Date + Today.swift */ = {isa = PBXFileReference; lastKnownFileType = sourcecode.swift; path = "Date + Today.swift"; sourceTree = "<group>"; };
		CE01F9682C1F78BA000B0335 /* ReminderListViewController + DataSource.swift */ = {isa = PBXFileReference; lastKnownFileType = sourcecode.swift; path = "ReminderListViewController + DataSource.swift"; sourceTree = "<group>"; };
		CE01F96A2C201BE4000B0335 /* ReminderDoneButton.swift */ = {isa = PBXFileReference; lastKnownFileType = sourcecode.swift; path = ReminderDoneButton.swift; sourceTree = "<group>"; };
		CE01F96C2C201C97000B0335 /* ReminderListViewController+Actions.swift */ = {isa = PBXFileReference; lastKnownFileType = sourcecode.swift; path = "ReminderListViewController+Actions.swift"; sourceTree = "<group>"; };
		CE01F96E2C208B59000B0335 /* ReminderViewController.swift */ = {isa = PBXFileReference; lastKnownFileType = sourcecode.swift; path = ReminderViewController.swift; sourceTree = "<group>"; };
		CE01F9712C20AA9A000B0335 /* ReminderViewController+Row.swift */ = {isa = PBXFileReference; lastKnownFileType = sourcecode.swift; path = "ReminderViewController+Row.swift"; sourceTree = "<group>"; };
		CE49EEC12C25BB0C00DA70DD /* ReminderViewController + Section.swift */ = {isa = PBXFileReference; lastKnownFileType = sourcecode.swift; path = "ReminderViewController + Section.swift"; sourceTree = "<group>"; };
		CE49EEC32C25D06200DA70DD /* PriorityContentView.swift */ = {isa = PBXFileReference; lastKnownFileType = sourcecode.swift; path = PriorityContentView.swift; sourceTree = "<group>"; };
		CE49EEC52C25D24200DA70DD /* ReminderViewController + CellConfiguration.swift */ = {isa = PBXFileReference; lastKnownFileType = sourcecode.swift; path = "ReminderViewController + CellConfiguration.swift"; sourceTree = "<group>"; };
		CE49EEC82C25D4D500DA70DD /* UIView + PinnedSubView.swift */ = {isa = PBXFileReference; lastKnownFileType = sourcecode.swift; path = "UIView + PinnedSubView.swift"; sourceTree = "<group>"; };
		CE49EECA2C25D8BD00DA70DD /* TextFieldContentView.swift */ = {isa = PBXFileReference; lastKnownFileType = sourcecode.swift; path = TextFieldContentView.swift; sourceTree = "<group>"; };
		CE49EECC2C25DB9C00DA70DD /* UIContentConfiguration+Stateless.swift */ = {isa = PBXFileReference; lastKnownFileType = sourcecode.swift; path = "UIContentConfiguration+Stateless.swift"; sourceTree = "<group>"; };
		CE49EECE2C27E1D000DA70DD /* TextViewContentView.swift */ = {isa = PBXFileReference; lastKnownFileType = sourcecode.swift; path = TextViewContentView.swift; sourceTree = "<group>"; };
		CE49EED02C27E46100DA70DD /* DataPickerContentView.swift */ = {isa = PBXFileReference; lastKnownFileType = sourcecode.swift; path = DataPickerContentView.swift; sourceTree = "<group>"; };
/* End PBXFileReference section */

/* Begin PBXFrameworksBuildPhase section */
		CE01F9462C1F5B2C000B0335 /* Frameworks */ = {
			isa = PBXFrameworksBuildPhase;
			buildActionMask = 2147483647;
			files = (
			);
			runOnlyForDeploymentPostprocessing = 0;
		};
/* End PBXFrameworksBuildPhase section */

/* Begin PBXGroup section */
		CE01F9402C1F5B2C000B0335 = {
			isa = PBXGroup;
			children = (
				CE01F94B2C1F5B2C000B0335 /* Today */,
				CE01F94A2C1F5B2C000B0335 /* Products */,
			);
			sourceTree = "<group>";
		};
		CE01F94A2C1F5B2C000B0335 /* Products */ = {
			isa = PBXGroup;
			children = (
				CE01F9492C1F5B2C000B0335 /* Today.app */,
			);
			name = Products;
			sourceTree = "<group>";
		};
		CE01F94B2C1F5B2C000B0335 /* Today */ = {
			isa = PBXGroup;
			children = (
				CE49EEC72C25D4A900DA70DD /* ContentViews */,
				CE01F9702C20AA66000B0335 /* DetailViewController */,
				CE01F9672C1F7883000B0335 /* ListViewControllers */,
				CE01F9602C1F5B9B000B0335 /* Application */,
				CE01F9622C1F5CBD000B0335 /* Models */,
				CE01F9612C1F5C12000B0335 /* SupportingFiles */,
			);
			path = Today;
			sourceTree = "<group>";
		};
		CE01F9602C1F5B9B000B0335 /* Application */ = {
			isa = PBXGroup;
			children = (
				CE01F94C2C1F5B2C000B0335 /* AppDelegate.swift */,
				CE01F94E2C1F5B2C000B0335 /* SceneDelegate.swift */,
			);
			path = Application;
			sourceTree = "<group>";
		};
		CE01F9612C1F5C12000B0335 /* SupportingFiles */ = {
			isa = PBXGroup;
			children = (
				CE01F9552C1F5B2D000B0335 /* Assets.xcassets */,
				CE01F9572C1F5B2D000B0335 /* LaunchScreen.storyboard */,
				CE01F95A2C1F5B2D000B0335 /* Info.plist */,
			);
			path = SupportingFiles;
			sourceTree = "<group>";
		};
		CE01F9622C1F5CBD000B0335 /* Models */ = {
			isa = PBXGroup;
			children = (
				CE01F9632C1F5D86000B0335 /* Reminder.swift */,
				CE01F9652C1F75A9000B0335 /* Date + Today.swift */,
			);
			path = Models;
			sourceTree = "<group>";
		};
		CE01F9672C1F7883000B0335 /* ListViewControllers */ = {
			isa = PBXGroup;
			children = (
				CE01F9502C1F5B2C000B0335 /* ReminderListViewController.swift */,
				CE01F9682C1F78BA000B0335 /* ReminderListViewController + DataSource.swift */,
				CE01F96A2C201BE4000B0335 /* ReminderDoneButton.swift */,
				CE01F96C2C201C97000B0335 /* ReminderListViewController+Actions.swift */,
			);
			path = ListViewControllers;
			sourceTree = "<group>";
		};
		CE01F9702C20AA66000B0335 /* DetailViewController */ = {
			isa = PBXGroup;
			children = (
				CE01F96E2C208B59000B0335 /* ReminderViewController.swift */,
				CE01F9712C20AA9A000B0335 /* ReminderViewController+Row.swift */,
				CE49EEC12C25BB0C00DA70DD /* ReminderViewController + Section.swift */,
				CE49EEC32C25D06200DA70DD /* PriorityContentView.swift */,
				CE49EEC52C25D24200DA70DD /* ReminderViewController + CellConfiguration.swift */,
			);
			path = DetailViewController;
			sourceTree = "<group>";
		};
		CE49EEC72C25D4A900DA70DD /* ContentViews */ = {
			isa = PBXGroup;
			children = (
				CE49EEC82C25D4D500DA70DD /* UIView + PinnedSubView.swift */,
				CE49EECA2C25D8BD00DA70DD /* TextFieldContentView.swift */,
				CE49EECC2C25DB9C00DA70DD /* UIContentConfiguration+Stateless.swift */,
				CE49EECE2C27E1D000DA70DD /* TextViewContentView.swift */,
				CE49EED02C27E46100DA70DD /* DataPickerContentView.swift */,
			);
			path = ContentViews;
			sourceTree = "<group>";
		};
/* End PBXGroup section */

/* Begin PBXNativeTarget section */
		CE01F9482C1F5B2C000B0335 /* Today */ = {
			isa = PBXNativeTarget;
			buildConfigurationList = CE01F95D2C1F5B2D000B0335 /* Build configuration list for PBXNativeTarget "Today" */;
			buildPhases = (
				CE01F9452C1F5B2C000B0335 /* Sources */,
				CE01F9462C1F5B2C000B0335 /* Frameworks */,
				CE01F9472C1F5B2C000B0335 /* Resources */,
			);
			buildRules = (
			);
			dependencies = (
			);
			name = Today;
			productName = Today;
			productReference = CE01F9492C1F5B2C000B0335 /* Today.app */;
			productType = "com.apple.product-type.application";
		};
/* End PBXNativeTarget section */

/* Begin PBXProject section */
		CE01F9412C1F5B2C000B0335 /* Project object */ = {
			isa = PBXProject;
			attributes = {
				BuildIndependentTargetsInParallel = 1;
				LastSwiftUpdateCheck = 1530;
				LastUpgradeCheck = 1530;
				TargetAttributes = {
					CE01F9482C1F5B2C000B0335 = {
						CreatedOnToolsVersion = 15.3;
					};
				};
			};
			buildConfigurationList = CE01F9442C1F5B2C000B0335 /* Build configuration list for PBXProject "Today" */;
			compatibilityVersion = "Xcode 14.0";
			developmentRegion = en;
			hasScannedForEncodings = 0;
			knownRegions = (
				en,
				Base,
			);
			mainGroup = CE01F9402C1F5B2C000B0335;
			productRefGroup = CE01F94A2C1F5B2C000B0335 /* Products */;
			projectDirPath = "";
			projectRoot = "";
			targets = (
				CE01F9482C1F5B2C000B0335 /* Today */,
			);
		};
/* End PBXProject section */

/* Begin PBXResourcesBuildPhase section */
		CE01F9472C1F5B2C000B0335 /* Resources */ = {
			isa = PBXResourcesBuildPhase;
			buildActionMask = 2147483647;
			files = (
				CE01F9562C1F5B2D000B0335 /* Assets.xcassets in Resources */,
				CE01F9592C1F5B2D000B0335 /* Base in Resources */,
			);
			runOnlyForDeploymentPostprocessing = 0;
		};
/* End PBXResourcesBuildPhase section */

/* Begin PBXSourcesBuildPhase section */
		CE01F9452C1F5B2C000B0335 /* Sources */ = {
			isa = PBXSourcesBuildPhase;
			buildActionMask = 2147483647;
			files = (
				CE01F96D2C201C97000B0335 /* ReminderListViewController+Actions.swift in Sources */,
				CE01F9512C1F5B2C000B0335 /* ReminderListViewController.swift in Sources */,
				CE01F9662C1F75A9000B0335 /* Date + Today.swift in Sources */,
				CE01F94D2C1F5B2C000B0335 /* AppDelegate.swift in Sources */,
				CE49EEC42C25D06200DA70DD /* PriorityContentView.swift in Sources */,
				CE49EECD2C25DB9C00DA70DD /* UIContentConfiguration+Stateless.swift in Sources */,
				CE01F94F2C1F5B2C000B0335 /* SceneDelegate.swift in Sources */,
				CE49EEC92C25D4D500DA70DD /* UIView + PinnedSubView.swift in Sources */,
				CE49EECB2C25D8BD00DA70DD /* TextFieldContentView.swift in Sources */,
				CE49EECF2C27E1D000DA70DD /* TextViewContentView.swift in Sources */,
				CE01F96F2C208B59000B0335 /* ReminderViewController.swift in Sources */,
				CE01F9722C20AA9A000B0335 /* ReminderViewController+Row.swift in Sources */,
				CE49EED12C27E46100DA70DD /* DataPickerContentView.swift in Sources */,
				CE49EEC62C25D24200DA70DD /* ReminderViewController + CellConfiguration.swift in Sources */,
				CE01F9642C1F5D86000B0335 /* Reminder.swift in Sources */,
				CE01F96B2C201BE4000B0335 /* ReminderDoneButton.swift in Sources */,
				CE01F9692C1F78BA000B0335 /* ReminderListViewController + DataSource.swift in Sources */,
				CE49EEC22C25BB0C00DA70DD /* ReminderViewController + Section.swift in Sources */,
			);
			runOnlyForDeploymentPostprocessing = 0;
		};
/* End PBXSourcesBuildPhase section */

/* Begin PBXVariantGroup section */
		CE01F9572C1F5B2D000B0335 /* LaunchScreen.storyboard */ = {
			isa = PBXVariantGroup;
			children = (
				CE01F9582C1F5B2D000B0335 /* Base */,
			);
			name = LaunchScreen.storyboard;
			sourceTree = "<group>";
		};
/* End PBXVariantGroup section */

/* Begin XCBuildConfiguration section */
		CE01F95B2C1F5B2D000B0335 /* Debug */ = {
			isa = XCBuildConfiguration;
			buildSettings = {
				ALWAYS_SEARCH_USER_PATHS = NO;
				ASSETCATALOG_COMPILER_GENERATE_SWIFT_ASSET_SYMBOL_EXTENSIONS = YES;
				CLANG_ANALYZER_NONNULL = YES;
				CLANG_ANALYZER_NUMBER_OBJECT_CONVERSION = YES_AGGRESSIVE;
				CLANG_CXX_LANGUAGE_STANDARD = "gnu++20";
				CLANG_ENABLE_MODULES = YES;
				CLANG_ENABLE_OBJC_ARC = YES;
				CLANG_ENABLE_OBJC_WEAK = YES;
				CLANG_WARN_BLOCK_CAPTURE_AUTORELEASING = YES;
				CLANG_WARN_BOOL_CONVERSION = YES;
				CLANG_WARN_COMMA = YES;
				CLANG_WARN_CONSTANT_CONVERSION = YES;
				CLANG_WARN_DEPRECATED_OBJC_IMPLEMENTATIONS = YES;
				CLANG_WARN_DIRECT_OBJC_ISA_USAGE = YES_ERROR;
				CLANG_WARN_DOCUMENTATION_COMMENTS = YES;
				CLANG_WARN_EMPTY_BODY = YES;
				CLANG_WARN_ENUM_CONVERSION = YES;
				CLANG_WARN_INFINITE_RECURSION = YES;
				CLANG_WARN_INT_CONVERSION = YES;
				CLANG_WARN_NON_LITERAL_NULL_CONVERSION = YES;
				CLANG_WARN_OBJC_IMPLICIT_RETAIN_SELF = YES;
				CLANG_WARN_OBJC_LITERAL_CONVERSION = YES;
				CLANG_WARN_OBJC_ROOT_CLASS = YES_ERROR;
				CLANG_WARN_QUOTED_INCLUDE_IN_FRAMEWORK_HEADER = YES;
				CLANG_WARN_RANGE_LOOP_ANALYSIS = YES;
				CLANG_WARN_STRICT_PROTOTYPES = YES;
				CLANG_WARN_SUSPICIOUS_MOVE = YES;
				CLANG_WARN_UNGUARDED_AVAILABILITY = YES_AGGRESSIVE;
				CLANG_WARN_UNREACHABLE_CODE = YES;
				CLANG_WARN__DUPLICATE_METHOD_MATCH = YES;
				COPY_PHASE_STRIP = NO;
				DEBUG_INFORMATION_FORMAT = dwarf;
				ENABLE_STRICT_OBJC_MSGSEND = YES;
				ENABLE_TESTABILITY = YES;
				ENABLE_USER_SCRIPT_SANDBOXING = YES;
				GCC_C_LANGUAGE_STANDARD = gnu17;
				GCC_DYNAMIC_NO_PIC = NO;
				GCC_NO_COMMON_BLOCKS = YES;
				GCC_OPTIMIZATION_LEVEL = 0;
				GCC_PREPROCESSOR_DEFINITIONS = (
					"DEBUG=1",
					"$(inherited)",
				);
				GCC_WARN_64_TO_32_BIT_CONVERSION = YES;
				GCC_WARN_ABOUT_RETURN_TYPE = YES_ERROR;
				GCC_WARN_UNDECLARED_SELECTOR = YES;
				GCC_WARN_UNINITIALIZED_AUTOS = YES_AGGRESSIVE;
				GCC_WARN_UNUSED_FUNCTION = YES;
				GCC_WARN_UNUSED_VARIABLE = YES;
				IPHONEOS_DEPLOYMENT_TARGET = 17.4;
				LOCALIZATION_PREFERS_STRING_CATALOGS = YES;
				MTL_ENABLE_DEBUG_INFO = INCLUDE_SOURCE;
				MTL_FAST_MATH = YES;
				ONLY_ACTIVE_ARCH = YES;
				SDKROOT = iphoneos;
				SWIFT_ACTIVE_COMPILATION_CONDITIONS = "DEBUG $(inherited)";
				SWIFT_OPTIMIZATION_LEVEL = "-Onone";
			};
			name = Debug;
		};
		CE01F95C2C1F5B2D000B0335 /* Release */ = {
			isa = XCBuildConfiguration;
			buildSettings = {
				ALWAYS_SEARCH_USER_PATHS = NO;
				ASSETCATALOG_COMPILER_GENERATE_SWIFT_ASSET_SYMBOL_EXTENSIONS = YES;
				CLANG_ANALYZER_NONNULL = YES;
				CLANG_ANALYZER_NUMBER_OBJECT_CONVERSION = YES_AGGRESSIVE;
				CLANG_CXX_LANGUAGE_STANDARD = "gnu++20";
				CLANG_ENABLE_MODULES = YES;
				CLANG_ENABLE_OBJC_ARC = YES;
				CLANG_ENABLE_OBJC_WEAK = YES;
				CLANG_WARN_BLOCK_CAPTURE_AUTORELEASING = YES;
				CLANG_WARN_BOOL_CONVERSION = YES;
				CLANG_WARN_COMMA = YES;
				CLANG_WARN_CONSTANT_CONVERSION = YES;
				CLANG_WARN_DEPRECATED_OBJC_IMPLEMENTATIONS = YES;
				CLANG_WARN_DIRECT_OBJC_ISA_USAGE = YES_ERROR;
				CLANG_WARN_DOCUMENTATION_COMMENTS = YES;
				CLANG_WARN_EMPTY_BODY = YES;
				CLANG_WARN_ENUM_CONVERSION = YES;
				CLANG_WARN_INFINITE_RECURSION = YES;
				CLANG_WARN_INT_CONVERSION = YES;
				CLANG_WARN_NON_LITERAL_NULL_CONVERSION = YES;
				CLANG_WARN_OBJC_IMPLICIT_RETAIN_SELF = YES;
				CLANG_WARN_OBJC_LITERAL_CONVERSION = YES;
				CLANG_WARN_OBJC_ROOT_CLASS = YES_ERROR;
				CLANG_WARN_QUOTED_INCLUDE_IN_FRAMEWORK_HEADER = YES;
				CLANG_WARN_RANGE_LOOP_ANALYSIS = YES;
				CLANG_WARN_STRICT_PROTOTYPES = YES;
				CLANG_WARN_SUSPICIOUS_MOVE = YES;
				CLANG_WARN_UNGUARDED_AVAILABILITY = YES_AGGRESSIVE;
				CLANG_WARN_UNREACHABLE_CODE = YES;
				CLANG_WARN__DUPLICATE_METHOD_MATCH = YES;
				COPY_PHASE_STRIP = NO;
				DEBUG_INFORMATION_FORMAT = "dwarf-with-dsym";
				ENABLE_NS_ASSERTIONS = NO;
				ENABLE_STRICT_OBJC_MSGSEND = YES;
				ENABLE_USER_SCRIPT_SANDBOXING = YES;
				GCC_C_LANGUAGE_STANDARD = gnu17;
				GCC_NO_COMMON_BLOCKS = YES;
				GCC_WARN_64_TO_32_BIT_CONVERSION = YES;
				GCC_WARN_ABOUT_RETURN_TYPE = YES_ERROR;
				GCC_WARN_UNDECLARED_SELECTOR = YES;
				GCC_WARN_UNINITIALIZED_AUTOS = YES_AGGRESSIVE;
				GCC_WARN_UNUSED_FUNCTION = YES;
				GCC_WARN_UNUSED_VARIABLE = YES;
				IPHONEOS_DEPLOYMENT_TARGET = 17.4;
				LOCALIZATION_PREFERS_STRING_CATALOGS = YES;
				MTL_ENABLE_DEBUG_INFO = NO;
				MTL_FAST_MATH = YES;
				SDKROOT = iphoneos;
				SWIFT_COMPILATION_MODE = wholemodule;
				VALIDATE_PRODUCT = YES;
			};
			name = Release;
		};
		CE01F95E2C1F5B2D000B0335 /* Debug */ = {
			isa = XCBuildConfiguration;
			buildSettings = {
				ASSETCATALOG_COMPILER_APPICON_NAME = AppIcon;
				ASSETCATALOG_COMPILER_GLOBAL_ACCENT_COLOR_NAME = AccentColor;
				CODE_SIGN_STYLE = Automatic;
				CURRENT_PROJECT_VERSION = 1;
				DEVELOPMENT_TEAM = R3HT9YNNBP;
				GENERATE_INFOPLIST_FILE = YES;
				INFOPLIST_FILE = Today/SupportingFiles/Info.plist;
				INFOPLIST_KEY_UIApplicationSupportsIndirectInputEvents = YES;
				INFOPLIST_KEY_UILaunchStoryboardName = LaunchScreen;
				INFOPLIST_KEY_UISupportedInterfaceOrientations = UIInterfaceOrientationPortrait;
				INFOPLIST_KEY_UISupportedInterfaceOrientations_iPad = "UIInterfaceOrientationLandscapeLeft UIInterfaceOrientationLandscapeRight UIInterfaceOrientationPortrait UIInterfaceOrientationPortraitUpsideDown";
				LD_RUNPATH_SEARCH_PATHS = (
					"$(inherited)",
					"@executable_path/Frameworks",
				);
				MARKETING_VERSION = 1.0;
				PRODUCT_BUNDLE_IDENTIFIER = ru.myfirstgamee.Today;
				PRODUCT_NAME = "$(TARGET_NAME)";
				SUPPORTED_PLATFORMS = "iphoneos iphonesimulator";
				SUPPORTS_MACCATALYST = NO;
				SUPPORTS_MAC_DESIGNED_FOR_IPHONE_IPAD = NO;
				SUPPORTS_XR_DESIGNED_FOR_IPHONE_IPAD = NO;
				SWIFT_EMIT_LOC_STRINGS = YES;
				SWIFT_VERSION = 5.0;
				TARGETED_DEVICE_FAMILY = 1;
			};
			name = Debug;
		};
		CE01F95F2C1F5B2D000B0335 /* Release */ = {
			isa = XCBuildConfiguration;
			buildSettings = {
				ASSETCATALOG_COMPILER_APPICON_NAME = AppIcon;
				ASSETCATALOG_COMPILER_GLOBAL_ACCENT_COLOR_NAME = AccentColor;
				CODE_SIGN_STYLE = Automatic;
				CURRENT_PROJECT_VERSION = 1;
				DEVELOPMENT_TEAM = R3HT9YNNBP;
				GENERATE_INFOPLIST_FILE = YES;
				INFOPLIST_FILE = Today/SupportingFiles/Info.plist;
				INFOPLIST_KEY_UIApplicationSupportsIndirectInputEvents = YES;
				INFOPLIST_KEY_UILaunchStoryboardName = LaunchScreen;
				INFOPLIST_KEY_UISupportedInterfaceOrientations = UIInterfaceOrientationPortrait;
				INFOPLIST_KEY_UISupportedInterfaceOrientations_iPad = "UIInterfaceOrientationLandscapeLeft UIInterfaceOrientationLandscapeRight UIInterfaceOrientationPortrait UIInterfaceOrientationPortraitUpsideDown";
				LD_RUNPATH_SEARCH_PATHS = (
					"$(inherited)",
					"@executable_path/Frameworks",
				);
				MARKETING_VERSION = 1.0;
				PRODUCT_BUNDLE_IDENTIFIER = ru.myfirstgamee.Today;
				PRODUCT_NAME = "$(TARGET_NAME)";
				SUPPORTED_PLATFORMS = "iphoneos iphonesimulator";
				SUPPORTS_MACCATALYST = NO;
				SUPPORTS_MAC_DESIGNED_FOR_IPHONE_IPAD = NO;
				SUPPORTS_XR_DESIGNED_FOR_IPHONE_IPAD = NO;
				SWIFT_EMIT_LOC_STRINGS = YES;
				SWIFT_VERSION = 5.0;
				TARGETED_DEVICE_FAMILY = 1;
			};
			name = Release;
		};
/* End XCBuildConfiguration section */

/* Begin XCConfigurationList section */
		CE01F9442C1F5B2C000B0335 /* Build configuration list for PBXProject "Today" */ = {
			isa = XCConfigurationList;
			buildConfigurations = (
				CE01F95B2C1F5B2D000B0335 /* Debug */,
				CE01F95C2C1F5B2D000B0335 /* Release */,
			);
			defaultConfigurationIsVisible = 0;
			defaultConfigurationName = Release;
		};
		CE01F95D2C1F5B2D000B0335 /* Build configuration list for PBXNativeTarget "Today" */ = {
			isa = XCConfigurationList;
			buildConfigurations = (
				CE01F95E2C1F5B2D000B0335 /* Debug */,
				CE01F95F2C1F5B2D000B0335 /* Release */,
			);
			defaultConfigurationIsVisible = 0;
			defaultConfigurationName = Release;
		};
/* End XCConfigurationList section */
	};
	rootObject = CE01F9412C1F5B2C000B0335 /* Project object */;
}
